
Microsoft Visual Studio Solution File, Format Version 12.00
# Visual Studio 2013
VisualStudioVersion = 12.0.31101.0
MinimumVisualStudioVersion = 10.0.40219.1
Project("{8BC9CEB8-8B4A-11D0-8D11-00A0C91BC942}") = "Overlapped", "Overlapped.vcxproj", "{9B0F6CF0-47F5-4F04-8438-C59AD99A9E45}"
EndProject
Global
	GlobalSection(SolutionConfigurationPlatforms) = preSolution
		Debug|Win32 = Debug|Win32
		Release|Win32 = Release|Win32
	EndGlobalSection
	GlobalSection(ProjectConfigurationPlatforms) = postSolution
		{9B0F6CF0-47F5-4F04-8438-C59AD99A9E45}.Debug|Win32.ActiveCfg = Debug|Win32
		{9B0F6CF0-47F5-4F04-8438-C59AD99A9E45}.Debug|Win32.Build.0 = Debug|Win32
		{9B0F6CF0-47F5-4F04-8438-C59AD99A9E45}.Release|Win32.ActiveCfg = Release|Win32
		{9B0F6CF0-47F5-4F04-8438-C59AD99A9E45}.Release|Win32.Build.0 = Release|Win32
	EndGlobalSection
	GlobalSection(SolutionProperties) = preSolution
		HideSolutionNode = FALSE
	EndGlobalSection
EndGlobal
